
Microsoft Visual Studio Solution File, Format Version 12.00
Project("{FAE04EC0-301F-11D3-BF4B-00C04F79EFBC}") = "DemoCICD", "DemoCICD.csproj", "{BF57D02B-0DFF-46D1-B606-789D952BAA85}"
EndProject
Global
	GlobalSection(SolutionConfigurationPlatforms) = preSolution
		Debug|Any CPU = Debug|Any CPU
		Release|Any CPU = Release|Any CPU
	EndGlobalSection
	GlobalSection(ProjectConfigurationPlatforms) = postSolution
		{BF57D02B-0DFF-46D1-B606-789D952BAA85}.Debug|Any CPU.ActiveCfg = Debug|Any CPU
		{BF57D02B-0DFF-46D1-B606-789D952BAA85}.Debug|Any CPU.Build.0 = Debug|Any CPU
		{BF57D02B-0DFF-46D1-B606-789D952BAA85}.Release|Any CPU.ActiveCfg = Release|Any CPU
		{BF57D02B-0DFF-46D1-B606-789D952BAA85}.Release|Any CPU.Build.0 = Release|Any CPU
	EndGlobalSection
EndGlobal
